
Microsoft Visual Studio Solution File, Format Version 12.00
# Visual Studio Version 17
VisualStudioVersion = 17.13.35931.197 d17.13
MinimumVisualStudioVersion = 10.0.40219.1
Project("{FAE04EC0-301F-11D3-BF4B-00C04F79EFBC}") = "IdentityChat", "IdentityChat\IdentityChat.csproj", "{2D06F8E1-E3F5-4B49-B2C0-D8BAB7AECFD7}"
EndProject
Global
	GlobalSection(SolutionConfigurationPlatforms) = preSolution
		Debug|Any CPU = Debug|Any CPU
		Release|Any CPU = Release|Any CPU
	EndGlobalSection
	GlobalSection(ProjectConfigurationPlatforms) = postSolution
		{2D06F8E1-E3F5-4B49-B2C0-D8BAB7AECFD7}.Debug|Any CPU.ActiveCfg = Debug|Any CPU
		{2D06F8E1-E3F5-4B49-B2C0-D8BAB7AECFD7}.Debug|Any CPU.Build.0 = Debug|Any CPU
		{2D06F8E1-E3F5-4B49-B2C0-D8BAB7AECFD7}.Release|Any CPU.ActiveCfg = Release|Any CPU
		{2D06F8E1-E3F5-4B49-B2C0-D8BAB7AECFD7}.Release|Any CPU.Build.0 = Release|Any CPU
	EndGlobalSection
	GlobalSection(SolutionProperties) = preSolution
		HideSolutionNode = FALSE
	EndGlobalSection
	GlobalSection(ExtensibilityGlobals) = postSolution
		SolutionGuid = {C85F442F-276F-4098-8AA2-70926EC168F9}
	EndGlobalSection
EndGlobal
